{
  "name": "status-n-price",
  "version": "0.1.0",
  "lockfileVersion": 3,
  "requires": true,
  "packages": {
    "": {
      "name": "status-n-price",
      "version": "0.1.0",
      "license": "MIT",
      "dependencies": {
        "domain-quotes": "^0.0.20",
        "domainstat": "^1.0.6"
      },
      "devDependencies": {},
      "engines": {
        "node": "^22.12.0",
        "npm": "^10.9.0"
      }
    },
    "node_modules/domain-quotes": {
      "version": "0.0.20",
      "resolved": "https://registry.npmjs.org/domain-quotes/-/domain-quotes-0.0.20.tgz",
      "integrity": "sha512-3Y7xyHumWkwhKk57XQpQbtx0pvFEuEIWj1/DDThyVC07w2qf0Ea0nEncbcNisdeN26w0MVNgW+0ykVSjTyQYQw==",
      "engines": {
        "node": "^22.12.0",
        "npm": "^10.9.0"
      }
    },
    "node_modules/domainstat": {
      "version": "1.0.6",
      "resolved": "https://registry.npmjs.org/domainstat/-/domainstat-1.0.6.tgz",
      "integrity": "sha512-AAnNowtUIYyc4M/OTCJm8xAGBRSNO4ImfaXnvV/g9r5UEYVojUUFdkUf5kvZUx5Yiv/9/W++fQNHEw4Vqwt68g==",
      "dependencies": {
        "tldts": "^7.0.10"
      },
      "bin": {
        "domainstat": "dist/cli.js"
      },
      "engines": {
        "node": "^22.12.0",
        "npm": "^10.9.0"
      }
    },
    "node_modules/tldts": {
      "version": "7.0.10",
      "resolved": "https://registry.npmjs.org/tldts/-/tldts-7.0.10.tgz",
      "integrity": "sha512-n6xyIpjWEn6Ikpkir7zVdxNoRO3ZrL+x65ztg/JYoIMoPkpRQ87W4RxbNiso+axhF2zTAzwR+NJJE3NJazLb6Q==",
      "dependencies": {
        "tldts-core": "^7.0.10"
      },
      "bin": {
        "tldts": "bin/cli.js"
      }
    },
    "node_modules/tldts-core": {
      "version": "7.0.17",
      "resolved": "https://registry.npmjs.org/tldts-core/-/tldts-core-7.0.17.tgz",
      "integrity": "sha512-DieYoGrP78PWKsrXr8MZwtQ7GLCUeLxihtjC1jZsW1DnvSMdKPitJSe8OSYDM2u5H6g3kWJZpePqkp43TfLh0g=="
    }
  }
}
